
Microsoft Visual Studio Solution File, Format Version 12.00
# Visual Studio Version 16
VisualStudioVersion = 16.0.29806.167
MinimumVisualStudioVersion = 10.0.40219.1
Project("{8BC9CEB8-8B4A-11D0-8D11-00A0C91BC942}") = "Test", "Test\Test.vcxproj", "{ACEE6ED1-0034-487A-B331-94532DCC96AF}"
EndProject
Project("{8BC9CEB8-8B4A-11D0-8D11-00A0C91BC942}") = "threadplusplus", "Src\threadplusplus.vcxproj", "{FBB1E062-1629-4571-B25E-6E41DB510FD5}"
EndProject
Global
	GlobalSection(SolutionConfigurationPlatforms) = preSolution
		Debug|x64 = Debug|x64
		Debug|x86 = Debug|x86
		Release|x64 = Release|x64
		Release|x86 = Release|x86
	EndGlobalSection
	GlobalSection(ProjectConfigurationPlatforms) = postSolution
		{ACEE6ED1-0034-487A-B331-94532DCC96AF}.Debug|x64.ActiveCfg = Debug|x64
		{ACEE6ED1-0034-487A-B331-94532DCC96AF}.Debug|x64.Build.0 = Debug|x64
		{ACEE6ED1-0034-487A-B331-94532DCC96AF}.Debug|x86.ActiveCfg = Debug|Win32
		{ACEE6ED1-0034-487A-B331-94532DCC96AF}.Debug|x86.Build.0 = Debug|Win32
		{ACEE6ED1-0034-487A-B331-94532DCC96AF}.Release|x64.ActiveCfg = Release|x64
		{ACEE6ED1-0034-487A-B331-94532DCC96AF}.Release|x64.Build.0 = Release|x64
		{ACEE6ED1-0034-487A-B331-94532DCC96AF}.Release|x86.ActiveCfg = Release|Win32
		{ACEE6ED1-0034-487A-B331-94532DCC96AF}.Release|x86.Build.0 = Release|Win32
		{FBB1E062-1629-4571-B25E-6E41DB510FD5}.Debug|x64.ActiveCfg = Debug|x64
		{FBB1E062-1629-4571-B25E-6E41DB510FD5}.Debug|x64.Build.0 = Debug|x64
		{FBB1E062-1629-4571-B25E-6E41DB510FD5}.Debug|x86.ActiveCfg = Debug|Win32
		{FBB1E062-1629-4571-B25E-6E41DB510FD5}.Debug|x86.Build.0 = Debug|Win32
		{FBB1E062-1629-4571-B25E-6E41DB510FD5}.Release|x64.ActiveCfg = Release|x64
		{FBB1E062-1629-4571-B25E-6E41DB510FD5}.Release|x64.Build.0 = Release|x64
		{FBB1E062-1629-4571-B25E-6E41DB510FD5}.Release|x86.ActiveCfg = Release|Win32
		{FBB1E062-1629-4571-B25E-6E41DB510FD5}.Release|x86.Build.0 = Release|Win32
	EndGlobalSection
	GlobalSection(SolutionProperties) = preSolution
		HideSolutionNode = FALSE
	EndGlobalSection
	GlobalSection(ExtensibilityGlobals) = postSolution
		SolutionGuid = {381E5517-271C-4684-908D-97924969F772}
	EndGlobalSection
EndGlobal
